
Microsoft Visual Studio Solution File, Format Version 12.00
# Visual Studio Version 17
VisualStudioVersion = 17.2.32616.157
MinimumVisualStudioVersion = 10.0.40219.1
Project("{FAE04EC0-301F-11D3-BF4B-00C04F79EFBC}") = "DemoXUnit.Data", "DemoXUnit.Data\DemoXUnit.Data.csproj", "{DFD14E58-F19E-4605-BB9F-D38C7817DF13}"
EndProject
Project("{FAE04EC0-301F-11D3-BF4B-00C04F79EFBC}") = "DemoXUnit.Test", "DemoXUnit.Test\DemoXUnit.Test.csproj", "{58E00E38-8FD0-42BF-9204-88F5560896BF}"
EndProject
Global
	GlobalSection(SolutionConfigurationPlatforms) = preSolution
		Debug|Any CPU = Debug|Any CPU
		Release|Any CPU = Release|Any CPU
	EndGlobalSection
	GlobalSection(ProjectConfigurationPlatforms) = postSolution
		{DFD14E58-F19E-4605-BB9F-D38C7817DF13}.Debug|Any CPU.ActiveCfg = Debug|Any CPU
		{DFD14E58-F19E-4605-BB9F-D38C7817DF13}.Debug|Any CPU.Build.0 = Debug|Any CPU
		{DFD14E58-F19E-4605-BB9F-D38C7817DF13}.Release|Any CPU.ActiveCfg = Release|Any CPU
		{DFD14E58-F19E-4605-BB9F-D38C7817DF13}.Release|Any CPU.Build.0 = Release|Any CPU
		{58E00E38-8FD0-42BF-9204-88F5560896BF}.Debug|Any CPU.ActiveCfg = Debug|Any CPU
		{58E00E38-8FD0-42BF-9204-88F5560896BF}.Debug|Any CPU.Build.0 = Debug|Any CPU
		{58E00E38-8FD0-42BF-9204-88F5560896BF}.Release|Any CPU.ActiveCfg = Release|Any CPU
		{58E00E38-8FD0-42BF-9204-88F5560896BF}.Release|Any CPU.Build.0 = Release|Any CPU
	EndGlobalSection
	GlobalSection(SolutionProperties) = preSolution
		HideSolutionNode = FALSE
	EndGlobalSection
	GlobalSection(ExtensibilityGlobals) = postSolution
		SolutionGuid = {03AC66F1-D762-423A-B059-959DDE91E60B}
	EndGlobalSection
EndGlobal
